github.com/emersion/go-openpgp-hkp v0.0.0-20180913132822-059dbf2e8bfa h1:Kjjpq14LzOFt54TJcxg0PohuQgY96bsiJnOL1P6Mh4g=
github.com/emersion/go-openpgp-hkp v0.0.0-20180913132822-059dbf2e8bfa/go.mod h1:LfRImiw0GeR+FRW1+A9iNCDXduvmnzQ+2ayZm1u3HRQ=
github.com/emersion/go-openpgp-wkd v0.0.0-20191011220651-01af8781ec9b h1:+X8ZnQr1yPS1LmU+0H2oISNxXCxDl5zU8cfngvH6UbQ=
github.com/emersion/go-openpgp-wkd v0.0.0-20191011220651-01af8781ec9b/go.mod h1:W0+/uECjFHpNyy0K7l3kCaZN5nBdEQbtfgMTXlj7Txg=
github.com/lib/pq v1.3.0 h1:/qkRGz8zljWiDcFvgpwUpwIAPu3r07TDvs3Rws+o/pU=
github.com/lib/pq v1.3.0/go.mod h1:5WUZQaWbwv1U+lTReE5YruASi9Al49XbQIvNi/34Woo=
github.com/tv42/zbase32 v0.0.0-20160707012821-501572607d02 h1:tcJ6OjwOMvExLlzrAVZute09ocAGa7KqOON60++Gz4E=
github.com/tv42/zbase32 v0.0.0-20160707012821-501572607d02/go.mod h1:tHlrkM198S068ZqfrO6S8HsoJq2bF3ETfTL+kt4tInY=
github.com/tv42/zbase32 v0.0.0-20190604154422-aacc64a8f915 h1:vX9DBbEHmrebYnVthUTzMO6Zc1vvConJdD2s0uvXrfw=
github.com/tv42/zbase32 v0.0.0-20190604154422-aacc64a8f915/go.mod h1:Y5DJgF9Eou+hSWetC39Mns8E0PU7DykCLNWiYeOINrE=
golang.org/x/crypto v0.0.0-20180904163835-0709b304e793/go.mod h1:6SG95UA2DQfeDnfUPMdvaQW0Q7yPrPDi9nlGo2tz2b4=
golang.org/x/crypto v0.0.0-20180910181607-0e37d006457b h1:2b9XGzhjiYsYPnKXoEfL7klWZQIt8IfyRCz62gCqqlQ=
golang.org/x/crypto v0.0.0-20180910181607-0e37d006457b/go.mod h1:6SG95UA2DQfeDnfUPMdvaQW0Q7yPrPDi9nlGo2tz2b4=
golang.org/x/crypto v0.0.0-20190308221718-c2843e01d9a2/go.mod h1:djNgcEr1/C05ACkg1iLfiJU5Ep61QUkGW8qpdssI0+w=
golang.org/x/crypto v0.0.0-20200302210943-78000ba7a073 h1:xMPOj6Pz6UipU1wXLkrtqpHbR0AVFnyPEQq/wRWz9lM=
golang.org/x/crypto v0.0.0-20200302210943-78000ba7a073/go.mod h1:LzIPMQfyMNhhGPhUkYOs5KpL4U8rLKemX1yGLhDgUto=
golang.org/x/net v0.0.0-20190404232315-eb5bcb51f2a3/go.mod h1:t9HGtf8HONx5eT2rtn7q6eTqICYqUVnKs3thJo3Qplg=
golang.org/x/sys v0.0.0-20190215142949-d0b11bdaac8a/go.mod h1:STP8DvDyc/dI5b8T5hshtkjS+E42TnysNCUPdjciGhY=
golang.org/x/sys v0.0.0-20190412213103-97732733099d/go.mod h1:h1NjWce9XRLGQEsW7wpKNCjG9DtNlClVuFLEZdDNbEs=
golang.org/x/text v0.3.0/go.mod h1:NqM8EUOU14njkJ3fqMW+pc6Ldnwhi/IjpwHt7yyuwOQ=
